
Microsoft Visual Studio Solution File, Format Version 12.00
# Visual Studio 15
VisualStudioVersion = 15.0.27004.2009
MinimumVisualStudioVersion = 10.0.40219.1
Project("{FAE04EC0-301F-11D3-BF4B-00C04F79EFBC}") = "XFMovieSearch.Android", "XFMovieSearch\XFMovieSearch.Android\XFMovieSearch.Android.csproj", "{D1CA2A60-ED49-435C-A703-C7BB7192E020}"
EndProject
Project("{FAE04EC0-301F-11D3-BF4B-00C04F79EFBC}") = "XFMovieSearch", "XFMovieSearch\XFMovieSearch\XFMovieSearch.csproj", "{C167844D-7DF8-49C3-B9A1-F5C5F748D83E}"
EndProject
Project("{FAE04EC0-301F-11D3-BF4B-00C04F79EFBC}") = "XFMovieSearch.UWP", "XFMovieSearch\XFMovieSearch.UWP\XFMovieSearch.UWP.csproj", "{811B0A18-5682-44D2-A5A8-8E0742B82CC1}"
EndProject
Project("{FAE04EC0-301F-11D3-BF4B-00C04F79EFBC}") = "XFMovieSearch.iOS", "XFMovieSearch\XFMovieSearch.iOS\XFMovieSearch.iOS.csproj", "{15FEACB6-6C3D-4BC6-AE91-EE7B39713E1A}"
EndProject
Project("{FAE04EC0-301F-11D3-BF4B-00C04F79EFBC}") = "MovieApp", "XFMovieSearch\MovieApp\MovieApp.csproj", "{BE1B5463-0016-4B5F-BD70-7849A531A0B3}"
EndProject
Global
	GlobalSection(SolutionConfigurationPlatforms) = preSolution
		Ad-Hoc|Any CPU = Ad-Hoc|Any CPU
		Ad-Hoc|ARM = Ad-Hoc|ARM
		Ad-Hoc|iPhone = Ad-Hoc|iPhone
		Ad-Hoc|iPhoneSimulator = Ad-Hoc|iPhoneSimulator
		Ad-Hoc|x64 = Ad-Hoc|x64
		Ad-Hoc|x86 = Ad-Hoc|x86
		AppStore|Any CPU = AppStore|Any CPU
		AppStore|ARM = AppStore|ARM
		AppStore|iPhone = AppStore|iPhone
		AppStore|iPhoneSimulator = AppStore|iPhoneSimulator
		AppStore|x64 = AppStore|x64
		AppStore|x86 = AppStore|x86
		Debug|Any CPU = Debug|Any CPU
		Debug|ARM = Debug|ARM
		Debug|iPhone = Debug|iPhone
		Debug|iPhoneSimulator = Debug|iPhoneSimulator
		Debug|x64 = Debug|x64
		Debug|x86 = Debug|x86
		Release|Any CPU = Release|Any CPU
		Release|ARM = Release|ARM
		Release|iPhone = Release|iPhone
		Release|iPhoneSimulator = Release|iPhoneSimulator
		Release|x64 = Release|x64
		Release|x86 = Release|x86
	EndGlobalSection
	GlobalSection(ProjectConfigurationPlatforms) = postSolution
		{D1CA2A60-ED49-435C-A703-C7BB7192E020}.Ad-Hoc|Any CPU.ActiveCfg = Release|Any CPU
		{D1CA2A60-ED49-435C-A703-C7BB7192E020}.Ad-Hoc|Any CPU.Build.0 = Release|Any CPU
		{D1CA2A60-ED49-435C-A703-C7BB7192E020}.Ad-Hoc|Any CPU.Deploy.0 = Release|Any CPU
		{D1CA2A60-ED49-435C-A703-C7BB7192E020}.Ad-Hoc|ARM.ActiveCfg = Release|Any CPU
		{D1CA2A60-ED49-435C-A703-C7BB7192E020}.Ad-Hoc|ARM.Build.0 = Release|Any CPU
		{D1CA2A60-ED49-435C-A703-C7BB7192E020}.Ad-Hoc|ARM.Deploy.0 = Release|Any CPU
		{D1CA2A60-ED49-435C-A703-C7BB7192E020}.Ad-Hoc|iPhone.ActiveCfg = Release|Any CPU
		{D1CA2A60-ED49-435C-A703-C7BB7192E020}.Ad-Hoc|iPhone.Build.0 = Release|Any CPU
		{D1CA2A60-ED49-435C-A703-C7BB7192E020}.Ad-Hoc|iPhone.Deploy.0 = Release|Any CPU
		{D1CA2A60-ED49-435C-A703-C7BB7192E020}.Ad-Hoc|iPhoneSimulator.ActiveCfg = Release|Any CPU
		{D1CA2A60-ED49-435C-A703-C7BB7192E020}.Ad-Hoc|iPhoneSimulator.Build.0 = Release|Any CPU
		{D1CA2A60-ED49-435C-A703-C7BB7192E020}.Ad-Hoc|iPhoneSimulator.Deploy.0 = Release|Any CPU
		{D1CA2A60-ED49-435C-A703-C7BB7192E020}.Ad-Hoc|x64.ActiveCfg = Release|Any CPU
		{D1CA2A60-ED49-435C-A703-C7BB7192E020}.Ad-Hoc|x64.Build.0 = Release|Any CPU
		{D1CA2A60-ED49-435C-A703-C7BB7192E020}.Ad-Hoc|x64.Deploy.0 = Release|Any CPU
		{D1CA2A60-ED49-435C-A703-C7BB7192E020}.Ad-Hoc|x86.ActiveCfg = Release|Any CPU
		{D1CA2A60-ED49-435C-A703-C7BB7192E020}.Ad-Hoc|x86.Build.0 = Release|Any CPU
		{D1CA2A60-ED49-435C-A703-C7BB7192E020}.Ad-Hoc|x86.Deploy.0 = Release|Any CPU
		{D1CA2A60-ED49-435C-A703-C7BB7192E020}.AppStore|Any CPU.ActiveCfg = Release|Any CPU
		{D1CA2A60-ED49-435C-A703-C7BB7192E020}.AppStore|Any CPU.Build.0 = Release|Any CPU
		{D1CA2A60-ED49-435C-A703-C7BB7192E020}.AppStore|Any CPU.Deploy.0 = Release|Any CPU
		{D1CA2A60-ED49-435C-A703-C7BB7192E020}.AppStore|ARM.ActiveCfg = Release|Any CPU
		{D1CA2A60-ED49-435C-A703-C7BB7192E020}.AppStore|ARM.Build.0 = Release|Any CPU
		{D1CA2A60-ED49-435C-A703-C7BB7192E020}.AppStore|ARM.Deploy.0 = Release|Any CPU
		{D1CA2A60-ED49-435C-A703-C7BB7192E020}.AppStore|iPhone.ActiveCfg = Release|Any CPU
		{D1CA2A60-ED49-435C-A703-C7BB7192E020}.AppStore|iPhone.Build.0 = Release|Any CPU
		{D1CA2A60-ED49-435C-A703-C7BB7192E020}.AppStore|iPhone.Deploy.0 = Release|Any CPU
		{D1CA2A60-ED49-435C-A703-C7BB7192E020}.AppStore|iPhoneSimulator.ActiveCfg = Release|Any CPU
		{D1CA2A60-ED49-435C-A703-C7BB7192E020}.AppStore|iPhoneSimulator.Build.0 = Release|Any CPU
		{D1CA2A60-ED49-435C-A703-C7BB7192E020}.AppStore|iPhoneSimulator.Deploy.0 = Release|Any CPU
		{D1CA2A60-ED49-435C-A703-C7BB7192E020}.AppStore|x64.ActiveCfg = Release|Any CPU
		{D1CA2A60-ED49-435C-A703-C7BB7192E020}.AppStore|x64.Build.0 = Release|Any CPU
		{D1CA2A60-ED49-435C-A703-C7BB7192E020}.AppStore|x64.Deploy.0 = Release|Any CPU
		{D1CA2A60-ED49-435C-A703-C7BB7192E020}.AppStore|x86.ActiveCfg = Release|Any CPU
		{D1CA2A60-ED49-435C-A703-C7BB7192E020}.AppStore|x86.Build.0 = Release|Any CPU
		{D1CA2A60-ED49-435C-A703-C7BB7192E020}.AppStore|x86.Deploy.0 = Release|Any CPU
		{D1CA2A60-ED49-435C-A703-C7BB7192E020}.Debug|Any CPU.ActiveCfg = Debug|Any CPU
		{D1CA2A60-ED49-435C-A703-C7BB7192E020}.Debug|Any CPU.Build.0 = Debug|Any CPU
		{D1CA2A60-ED49-435C-A703-C7BB7192E020}.Debug|Any CPU.Deploy.0 = Debug|Any CPU
		{D1CA2A60-ED49-435C-A703-C7BB7192E020}.Debug|ARM.ActiveCfg = Debug|Any CPU
		{D1CA2A60-ED49-435C-A703-C7BB7192E020}.Debug|ARM.Build.0 = Debug|Any CPU
		{D1CA2A60-ED49-435C-A703-C7BB7192E020}.Debug|ARM.Deploy.0 = Debug|Any CPU
		{D1CA2A60-ED49-435C-A703-C7BB7192E020}.Debug|iPhone.ActiveCfg = Debug|Any CPU
		{D1CA2A60-ED49-435C-A703-C7BB7192E020}.Debug|iPhone.Build.0 = Debug|Any CPU
		{D1CA2A60-ED49-435C-A703-C7BB7192E020}.Debug|iPhone.Deploy.0 = Debug|Any CPU
		{D1CA2A60-ED49-435C-A703-C7BB7192E020}.Debug|iPhoneSimulator.ActiveCfg = Debug|Any CPU
		{D1CA2A60-ED49-435C-A703-C7BB7192E020}.Debug|iPhoneSimulator.Build.0 = Debug|Any CPU
		{D1CA2A60-ED49-435C-A703-C7BB7192E020}.Debug|iPhoneSimulator.Deploy.0 = Debug|Any CPU
		{D1CA2A60-ED49-435C-A703-C7BB7192E020}.Debug|x64.ActiveCfg = Debug|Any CPU
		{D1CA2A60-ED49-435C-A703-C7BB7192E020}.Debug|x64.Build.0 = Debug|Any CPU
		{D1CA2A60-ED49-435C-A703-C7BB7192E020}.Debug|x64.Deploy.0 = Debug|Any CPU
		{D1CA2A60-ED49-435C-A703-C7BB7192E020}.Debug|x86.ActiveCfg = Debug|Any CPU
		{D1CA2A60-ED49-435C-A703-C7BB7192E020}.Debug|x86.Build.0 = Debug|Any CPU
		{D1CA2A60-ED49-435C-A703-C7BB7192E020}.Debug|x86.Deploy.0 = Debug|Any CPU
		{D1CA2A60-ED49-435C-A703-C7BB7192E020}.Release|Any CPU.ActiveCfg = Release|Any CPU
		{D1CA2A60-ED49-435C-A703-C7BB7192E020}.Release|Any CPU.Build.0 = Release|Any CPU
		{D1CA2A60-ED49-435C-A703-C7BB7192E020}.Release|Any CPU.Deploy.0 = Release|Any CPU
		{D1CA2A60-ED49-435C-A703-C7BB7192E020}.Release|ARM.ActiveCfg = Release|Any CPU
		{D1CA2A60-ED49-435C-A703-C7BB7192E020}.Release|ARM.Build.0 = Release|Any CPU
		{D1CA2A60-ED49-435C-A703-C7BB7192E020}.Release|ARM.Deploy.0 = Release|Any CPU
		{D1CA2A60-ED49-435C-A703-C7BB7192E020}.Release|iPhone.ActiveCfg = Release|Any CPU
		{D1CA2A60-ED49-435C-A703-C7BB7192E020}.Release|iPhone.Build.0 = Release|Any CPU
		{D1CA2A60-ED49-435C-A703-C7BB7192E020}.Release|iPhone.Deploy.0 = Release|Any CPU
		{D1CA2A60-ED49-435C-A703-C7BB7192E020}.Release|iPhoneSimulator.ActiveCfg = Release|Any CPU
		{D1CA2A60-ED49-435C-A703-C7BB7192E020}.Release|iPhoneSimulator.Build.0 = Release|Any CPU
		{D1CA2A60-ED49-435C-A703-C7BB7192E020}.Release|iPhoneSimulator.Deploy.0 = Release|Any CPU
		{D1CA2A60-ED49-435C-A703-C7BB7192E020}.Release|x64.ActiveCfg = Release|Any CPU
		{D1CA2A60-ED49-435C-A703-C7BB7192E020}.Release|x64.Build.0 = Release|Any CPU
		{D1CA2A60-ED49-435C-A703-C7BB7192E020}.Release|x64.Deploy.0 = Release|Any CPU
		{D1CA2A60-ED49-435C-A703-C7BB7192E020}.Release|x86.ActiveCfg = Release|Any CPU
		{D1CA2A60-ED49-435C-A703-C7BB7192E020}.Release|x86.Build.0 = Release|Any CPU
		{D1CA2A60-ED49-435C-A703-C7BB7192E020}.Release|x86.Deploy.0 = Release|Any CPU
		{C167844D-7DF8-49C3-B9A1-F5C5F748D83E}.Ad-Hoc|Any CPU.ActiveCfg = Release|Any CPU
		{C167844D-7DF8-49C3-B9A1-F5C5F748D83E}.Ad-Hoc|Any CPU.Build.0 = Release|Any CPU
		{C167844D-7DF8-49C3-B9A1-F5C5F748D83E}.Ad-Hoc|ARM.ActiveCfg = Release|Any CPU
		{C167844D-7DF8-49C3-B9A1-F5C5F748D83E}.Ad-Hoc|ARM.Build.0 = Release|Any CPU
		{C167844D-7DF8-49C3-B9A1-F5C5F748D83E}.Ad-Hoc|iPhone.ActiveCfg = Release|Any CPU
		{C167844D-7DF8-49C3-B9A1-F5C5F748D83E}.Ad-Hoc|iPhone.Build.0 = Release|Any CPU
		{C167844D-7DF8-49C3-B9A1-F5C5F748D83E}.Ad-Hoc|iPhoneSimulator.ActiveCfg = Release|Any CPU
		{C167844D-7DF8-49C3-B9A1-F5C5F748D83E}.Ad-Hoc|iPhoneSimulator.Build.0 = Release|Any CPU
		{C167844D-7DF8-49C3-B9A1-F5C5F748D83E}.Ad-Hoc|x64.ActiveCfg = Release|Any CPU
		{C167844D-7DF8-49C3-B9A1-F5C5F748D83E}.Ad-Hoc|x64.Build.0 = Release|Any CPU
		{C167844D-7DF8-49C3-B9A1-F5C5F748D83E}.Ad-Hoc|x86.ActiveCfg = Release|Any CPU
		{C167844D-7DF8-49C3-B9A1-F5C5F748D83E}.Ad-Hoc|x86.Build.0 = Release|Any CPU
		{C167844D-7DF8-49C3-B9A1-F5C5F748D83E}.AppStore|Any CPU.ActiveCfg = Release|Any CPU
		{C167844D-7DF8-49C3-B9A1-F5C5F748D83E}.AppStore|Any CPU.Build.0 = Release|Any CPU
		{C167844D-7DF8-49C3-B9A1-F5C5F748D83E}.AppStore|ARM.ActiveCfg = Release|Any CPU
		{C167844D-7DF8-49C3-B9A1-F5C5F748D83E}.AppStore|ARM.Build.0 = Release|Any CPU
		{C167844D-7DF8-49C3-B9A1-F5C5F748D83E}.AppStore|iPhone.ActiveCfg = Release|Any CPU
		{C167844D-7DF8-49C3-B9A1-F5C5F748D83E}.AppStore|iPhone.Build.0 = Release|Any CPU
		{C167844D-7DF8-49C3-B9A1-F5C5F748D83E}.AppStore|iPhoneSimulator.ActiveCfg = Release|Any CPU
		{C167844D-7DF8-49C3-B9A1-F5C5F748D83E}.AppStore|iPhoneSimulator.Build.0 = Release|Any CPU
		{C167844D-7DF8-49C3-B9A1-F5C5F748D83E}.AppStore|x64.ActiveCfg = Release|Any CPU
		{C167844D-7DF8-49C3-B9A1-F5C5F748D83E}.AppStore|x64.Build.0 = Release|Any CPU
		{C167844D-7DF8-49C3-B9A1-F5C5F748D83E}.AppStore|x86.ActiveCfg = Release|Any CPU
		{C167844D-7DF8-49C3-B9A1-F5C5F748D83E}.AppStore|x86.Build.0 = Release|Any CPU
		{C167844D-7DF8-49C3-B9A1-F5C5F748D83E}.Debug|Any CPU.ActiveCfg = Debug|Any CPU
		{C167844D-7DF8-49C3-B9A1-F5C5F748D83E}.Debug|Any CPU.Build.0 = Debug|Any CPU
		{C167844D-7DF8-49C3-B9A1-F5C5F748D83E}.Debug|ARM.ActiveCfg = Debug|Any CPU
		{C167844D-7DF8-49C3-B9A1-F5C5F748D83E}.Debug|ARM.Build.0 = Debug|Any CPU
		{C167844D-7DF8-49C3-B9A1-F5C5F748D83E}.Debug|iPhone.ActiveCfg = Debug|Any CPU
		{C167844D-7DF8-49C3-B9A1-F5C5F748D83E}.Debug|iPhone.Build.0 = Debug|Any CPU
		{C167844D-7DF8-49C3-B9A1-F5C5F748D83E}.Debug|iPhoneSimulator.ActiveCfg = Debug|Any CPU
		{C167844D-7DF8-49C3-B9A1-F5C5F748D83E}.Debug|iPhoneSimulator.Build.0 = Debug|Any CPU
		{C167844D-7DF8-49C3-B9A1-F5C5F748D83E}.Debug|x64.ActiveCfg = Debug|Any CPU
		{C167844D-7DF8-49C3-B9A1-F5C5F748D83E}.Debug|x64.Build.0 = Debug|Any CPU
		{C167844D-7DF8-49C3-B9A1-F5C5F748D83E}.Debug|x86.ActiveCfg = Debug|Any CPU
		{C167844D-7DF8-49C3-B9A1-F5C5F748D83E}.Debug|x86.Build.0 = Debug|Any CPU
		{C167844D-7DF8-49C3-B9A1-F5C5F748D83E}.Release|Any CPU.ActiveCfg = Release|Any CPU
		{C167844D-7DF8-49C3-B9A1-F5C5F748D83E}.Release|Any CPU.Build.0 = Release|Any CPU
		{C167844D-7DF8-49C3-B9A1-F5C5F748D83E}.Release|ARM.ActiveCfg = Release|Any CPU
		{C167844D-7DF8-49C3-B9A1-F5C5F748D83E}.Release|ARM.Build.0 = Release|Any CPU
		{C167844D-7DF8-49C3-B9A1-F5C5F748D83E}.Release|iPhone.ActiveCfg = Release|Any CPU
		{C167844D-7DF8-49C3-B9A1-F5C5F748D83E}.Release|iPhone.Build.0 = Release|Any CPU
		{C167844D-7DF8-49C3-B9A1-F5C5F748D83E}.Release|iPhoneSimulator.ActiveCfg = Release|Any CPU
		{C167844D-7DF8-49C3-B9A1-F5C5F748D83E}.Release|iPhoneSimulator.Build.0 = Release|Any CPU
		{C167844D-7DF8-49C3-B9A1-F5C5F748D83E}.Release|x64.ActiveCfg = Release|Any CPU
		{C167844D-7DF8-49C3-B9A1-F5C5F748D83E}.Release|x64.Build.0 = Release|Any CPU
		{C167844D-7DF8-49C3-B9A1-F5C5F748D83E}.Release|x86.ActiveCfg = Release|Any CPU
		{C167844D-7DF8-49C3-B9A1-F5C5F748D83E}.Release|x86.Build.0 = Release|Any CPU
		{811B0A18-5682-44D2-A5A8-8E0742B82CC1}.Ad-Hoc|Any CPU.ActiveCfg = Release|x86
		{811B0A18-5682-44D2-A5A8-8E0742B82CC1}.Ad-Hoc|Any CPU.Build.0 = Release|x86
		{811B0A18-5682-44D2-A5A8-8E0742B82CC1}.Ad-Hoc|Any CPU.Deploy.0 = Release|x86
		{811B0A18-5682-44D2-A5A8-8E0742B82CC1}.Ad-Hoc|ARM.ActiveCfg = Release|ARM
		{811B0A18-5682-44D2-A5A8-8E0742B82CC1}.Ad-Hoc|ARM.Build.0 = Release|ARM
		{811B0A18-5682-44D2-A5A8-8E0742B82CC1}.Ad-Hoc|ARM.Deploy.0 = Release|ARM
		{811B0A18-5682-44D2-A5A8-8E0742B82CC1}.Ad-Hoc|iPhone.ActiveCfg = Release|x86
		{811B0A18-5682-44D2-A5A8-8E0742B82CC1}.Ad-Hoc|iPhone.Build.0 = Release|x86
		{811B0A18-5682-44D2-A5A8-8E0742B82CC1}.Ad-Hoc|iPhone.Deploy.0 = Release|x86
		{811B0A18-5682-44D2-A5A8-8E0742B82CC1}.Ad-Hoc|iPhoneSimulator.ActiveCfg = Release|x86
		{811B0A18-5682-44D2-A5A8-8E0742B82CC1}.Ad-Hoc|iPhoneSimulator.Build.0 = Release|x86
		{811B0A18-5682-44D2-A5A8-8E0742B82CC1}.Ad-Hoc|iPhoneSimulator.Deploy.0 = Release|x86
		{811B0A18-5682-44D2-A5A8-8E0742B82CC1}.Ad-Hoc|x64.ActiveCfg = Release|x64
		{811B0A18-5682-44D2-A5A8-8E0742B82CC1}.Ad-Hoc|x64.Build.0 = Release|x64
		{811B0A18-5682-44D2-A5A8-8E0742B82CC1}.Ad-Hoc|x64.Deploy.0 = Release|x64
		{811B0A18-5682-44D2-A5A8-8E0742B82CC1}.Ad-Hoc|x86.ActiveCfg = Release|x86
		{811B0A18-5682-44D2-A5A8-8E0742B82CC1}.Ad-Hoc|x86.Build.0 = Release|x86
		{811B0A18-5682-44D2-A5A8-8E0742B82CC1}.Ad-Hoc|x86.Deploy.0 = Release|x86
		{811B0A18-5682-44D2-A5A8-8E0742B82CC1}.AppStore|Any CPU.ActiveCfg = Release|x86
		{811B0A18-5682-44D2-A5A8-8E0742B82CC1}.AppStore|Any CPU.Build.0 = Release|x86
		{811B0A18-5682-44D2-A5A8-8E0742B82CC1}.AppStore|Any CPU.Deploy.0 = Release|x86
		{811B0A18-5682-44D2-A5A8-8E0742B82CC1}.AppStore|ARM.ActiveCfg = Release|ARM
		{811B0A18-5682-44D2-A5A8-8E0742B82CC1}.AppStore|ARM.Build.0 = Release|ARM
		{811B0A18-5682-44D2-A5A8-8E0742B82CC1}.AppStore|ARM.Deploy.0 = Release|ARM
		{811B0A18-5682-44D2-A5A8-8E0742B82CC1}.AppStore|iPhone.ActiveCfg = Release|x86
		{811B0A18-5682-44D2-A5A8-8E0742B82CC1}.AppStore|iPhone.Build.0 = Release|x86
		{811B0A18-5682-44D2-A5A8-8E0742B82CC1}.AppStore|iPhone.Deploy.0 = Release|x86
		{811B0A18-5682-44D2-A5A8-8E0742B82CC1}.AppStore|iPhoneSimulator.ActiveCfg = Release|x86
		{811B0A18-5682-44D2-A5A8-8E0742B82CC1}.AppStore|iPhoneSimulator.Build.0 = Release|x86
		{811B0A18-5682-44D2-A5A8-8E0742B82CC1}.AppStore|iPhoneSimulator.Deploy.0 = Release|x86
		{811B0A18-5682-44D2-A5A8-8E0742B82CC1}.AppStore|x64.ActiveCfg = Release|x64
		{811B0A18-5682-44D2-A5A8-8E0742B82CC1}.AppStore|x64.Build.0 = Release|x64
		{811B0A18-5682-44D2-A5A8-8E0742B82CC1}.AppStore|x64.Deploy.0 = Release|x64
		{811B0A18-5682-44D2-A5A8-8E0742B82CC1}.AppStore|x86.ActiveCfg = Release|x86
		{811B0A18-5682-44D2-A5A8-8E0742B82CC1}.AppStore|x86.Build.0 = Release|x86
		{811B0A18-5682-44D2-A5A8-8E0742B82CC1}.AppStore|x86.Deploy.0 = Release|x86
		{811B0A18-5682-44D2-A5A8-8E0742B82CC1}.Debug|Any CPU.ActiveCfg = Debug|x86
		{811B0A18-5682-44D2-A5A8-8E0742B82CC1}.Debug|Any CPU.Build.0 = Debug|x86
		{811B0A18-5682-44D2-A5A8-8E0742B82CC1}.Debug|Any CPU.Deploy.0 = Debug|x86
		{811B0A18-5682-44D2-A5A8-8E0742B82CC1}.Debug|ARM.ActiveCfg = Debug|ARM
		{811B0A18-5682-44D2-A5A8-8E0742B82CC1}.Debug|ARM.Build.0 = Debug|ARM
		{811B0A18-5682-44D2-A5A8-8E0742B82CC1}.Debug|ARM.Deploy.0 = Debug|ARM
		{811B0A18-5682-44D2-A5A8-8E0742B82CC1}.Debug|iPhone.ActiveCfg = Debug|x86
		{811B0A18-5682-44D2-A5A8-8E0742B82CC1}.Debug|iPhoneSimulator.ActiveCfg = Debug|x86
		{811B0A18-5682-44D2-A5A8-8E0742B82CC1}.Debug|x64.ActiveCfg = Debug|x64
		{811B0A18-5682-44D2-A5A8-8E0742B82CC1}.Debug|x64.Build.0 = Debug|x64
		{811B0A18-5682-44D2-A5A8-8E0742B82CC1}.Debug|x64.Deploy.0 = Debug|x64
		{811B0A18-5682-44D2-A5A8-8E0742B82CC1}.Debug|x86.ActiveCfg = Debug|x86
		{811B0A18-5682-44D2-A5A8-8E0742B82CC1}.Debug|x86.Build.0 = Debug|x86
		{811B0A18-5682-44D2-A5A8-8E0742B82CC1}.Debug|x86.Deploy.0 = Debug|x86
		{811B0A18-5682-44D2-A5A8-8E0742B82CC1}.Release|Any CPU.ActiveCfg = Release|x86
		{811B0A18-5682-44D2-A5A8-8E0742B82CC1}.Release|ARM.ActiveCfg = Release|ARM
		{811B0A18-5682-44D2-A5A8-8E0742B82CC1}.Release|ARM.Build.0 = Release|ARM
		{811B0A18-5682-44D2-A5A8-8E0742B82CC1}.Release|ARM.Deploy.0 = Release|ARM
		{811B0A18-5682-44D2-A5A8-8E0742B82CC1}.Release|iPhone.ActiveCfg = Release|x86
		{811B0A18-5682-44D2-A5A8-8E0742B82CC1}.Release|iPhoneSimulator.ActiveCfg = Release|x86
		{811B0A18-5682-44D2-A5A8-8E0742B82CC1}.Release|x64.ActiveCfg = Release|x64
		{811B0A18-5682-44D2-A5A8-8E0742B82CC1}.Release|x64.Build.0 = Release|x64
		{811B0A18-5682-44D2-A5A8-8E0742B82CC1}.Release|x64.Deploy.0 = Release|x64
		{811B0A18-5682-44D2-A5A8-8E0742B82CC1}.Release|x86.ActiveCfg = Release|x86
		{811B0A18-5682-44D2-A5A8-8E0742B82CC1}.Release|x86.Build.0 = Release|x86
		{811B0A18-5682-44D2-A5A8-8E0742B82CC1}.Release|x86.Deploy.0 = Release|x86
		{15FEACB6-6C3D-4BC6-AE91-EE7B39713E1A}.Ad-Hoc|Any CPU.ActiveCfg = Ad-Hoc|iPhoneSimulator
		{15FEACB6-6C3D-4BC6-AE91-EE7B39713E1A}.Ad-Hoc|ARM.ActiveCfg = Ad-Hoc|iPhone
		{15FEACB6-6C3D-4BC6-AE91-EE7B39713E1A}.Ad-Hoc|iPhone.ActiveCfg = Ad-Hoc|iPhone
		{15FEACB6-6C3D-4BC6-AE91-EE7B39713E1A}.Ad-Hoc|iPhone.Build.0 = Ad-Hoc|iPhone
		{15FEACB6-6C3D-4BC6-AE91-EE7B39713E1A}.Ad-Hoc|iPhoneSimulator.ActiveCfg = Ad-Hoc|iPhoneSimulator
		{15FEACB6-6C3D-4BC6-AE91-EE7B39713E1A}.Ad-Hoc|iPhoneSimulator.Build.0 = Ad-Hoc|iPhoneSimulator
		{15FEACB6-6C3D-4BC6-AE91-EE7B39713E1A}.Ad-Hoc|x64.ActiveCfg = Ad-Hoc|iPhone
		{15FEACB6-6C3D-4BC6-AE91-EE7B39713E1A}.Ad-Hoc|x86.ActiveCfg = Ad-Hoc|iPhone
		{15FEACB6-6C3D-4BC6-AE91-EE7B39713E1A}.AppStore|Any CPU.ActiveCfg = AppStore|iPhoneSimulator
		{15FEACB6-6C3D-4BC6-AE91-EE7B39713E1A}.AppStore|ARM.ActiveCfg = AppStore|iPhone
		{15FEACB6-6C3D-4BC6-AE91-EE7B39713E1A}.AppStore|iPhone.ActiveCfg = AppStore|iPhone
		{15FEACB6-6C3D-4BC6-AE91-EE7B39713E1A}.AppStore|iPhone.Build.0 = AppStore|iPhone
		{15FEACB6-6C3D-4BC6-AE91-EE7B39713E1A}.AppStore|iPhoneSimulator.ActiveCfg = AppStore|iPhoneSimulator
		{15FEACB6-6C3D-4BC6-AE91-EE7B39713E1A}.AppStore|iPhoneSimulator.Build.0 = AppStore|iPhoneSimulator
		{15FEACB6-6C3D-4BC6-AE91-EE7B39713E1A}.AppStore|x64.ActiveCfg = AppStore|iPhone
		{15FEACB6-6C3D-4BC6-AE91-EE7B39713E1A}.AppStore|x86.ActiveCfg = AppStore|iPhone
		{15FEACB6-6C3D-4BC6-AE91-EE7B39713E1A}.Debug|Any CPU.ActiveCfg = Debug|iPhoneSimulator
		{15FEACB6-6C3D-4BC6-AE91-EE7B39713E1A}.Debug|ARM.ActiveCfg = Debug|iPhone
		{15FEACB6-6C3D-4BC6-AE91-EE7B39713E1A}.Debug|iPhone.ActiveCfg = Debug|iPhone
		{15FEACB6-6C3D-4BC6-AE91-EE7B39713E1A}.Debug|iPhone.Build.0 = Debug|iPhone
		{15FEACB6-6C3D-4BC6-AE91-EE7B39713E1A}.Debug|iPhoneSimulator.ActiveCfg = Debug|iPhoneSimulator
		{15FEACB6-6C3D-4BC6-AE91-EE7B39713E1A}.Debug|iPhoneSimulator.Build.0 = Debug|iPhoneSimulator
		{15FEACB6-6C3D-4BC6-AE91-EE7B39713E1A}.Debug|x64.ActiveCfg = Debug|iPhone
		{15FEACB6-6C3D-4BC6-AE91-EE7B39713E1A}.Debug|x86.ActiveCfg = Debug|iPhone
		{15FEACB6-6C3D-4BC6-AE91-EE7B39713E1A}.Release|Any CPU.ActiveCfg = Release|iPhoneSimulator
		{15FEACB6-6C3D-4BC6-AE91-EE7B39713E1A}.Release|ARM.ActiveCfg = Release|iPhone
		{15FEACB6-6C3D-4BC6-AE91-EE7B39713E1A}.Release|iPhone.ActiveCfg = Release|iPhone
		{15FEACB6-6C3D-4BC6-AE91-EE7B39713E1A}.Release|iPhone.Build.0 = Release|iPhone
		{15FEACB6-6C3D-4BC6-AE91-EE7B39713E1A}.Release|iPhoneSimulator.ActiveCfg = Release|iPhoneSimulator
		{15FEACB6-6C3D-4BC6-AE91-EE7B39713E1A}.Release|iPhoneSimulator.Build.0 = Release|iPhoneSimulator
		{15FEACB6-6C3D-4BC6-AE91-EE7B39713E1A}.Release|x64.ActiveCfg = Release|iPhone
		{15FEACB6-6C3D-4BC6-AE91-EE7B39713E1A}.Release|x86.ActiveCfg = Release|iPhone
		{BE1B5463-0016-4B5F-BD70-7849A531A0B3}.Ad-Hoc|Any CPU.ActiveCfg = Release|Any CPU
		{BE1B5463-0016-4B5F-BD70-7849A531A0B3}.Ad-Hoc|Any CPU.Build.0 = Release|Any CPU
		{BE1B5463-0016-4B5F-BD70-7849A531A0B3}.Ad-Hoc|ARM.ActiveCfg = Release|Any CPU
		{BE1B5463-0016-4B5F-BD70-7849A531A0B3}.Ad-Hoc|ARM.Build.0 = Release|Any CPU
		{BE1B5463-0016-4B5F-BD70-7849A531A0B3}.Ad-Hoc|iPhone.ActiveCfg = Release|Any CPU
		{BE1B5463-0016-4B5F-BD70-7849A531A0B3}.Ad-Hoc|iPhone.Build.0 = Release|Any CPU
		{BE1B5463-0016-4B5F-BD70-7849A531A0B3}.Ad-Hoc|iPhoneSimulator.ActiveCfg = Release|Any CPU
		{BE1B5463-0016-4B5F-BD70-7849A531A0B3}.Ad-Hoc|iPhoneSimulator.Build.0 = Release|Any CPU
		{BE1B5463-0016-4B5F-BD70-7849A531A0B3}.Ad-Hoc|x64.ActiveCfg = Release|Any CPU
		{BE1B5463-0016-4B5F-BD70-7849A531A0B3}.Ad-Hoc|x64.Build.0 = Release|Any CPU
		{BE1B5463-0016-4B5F-BD70-7849A531A0B3}.Ad-Hoc|x86.ActiveCfg = Release|Any CPU
		{BE1B5463-0016-4B5F-BD70-7849A531A0B3}.Ad-Hoc|x86.Build.0 = Release|Any CPU
		{BE1B5463-0016-4B5F-BD70-7849A531A0B3}.AppStore|Any CPU.ActiveCfg = Release|Any CPU
		{BE1B5463-0016-4B5F-BD70-7849A531A0B3}.AppStore|Any CPU.Build.0 = Release|Any CPU
		{BE1B5463-0016-4B5F-BD70-7849A531A0B3}.AppStore|ARM.ActiveCfg = Release|Any CPU
		{BE1B5463-0016-4B5F-BD70-7849A531A0B3}.AppStore|ARM.Build.0 = Release|Any CPU
		{BE1B5463-0016-4B5F-BD70-7849A531A0B3}.AppStore|iPhone.ActiveCfg = Release|Any CPU
		{BE1B5463-0016-4B5F-BD70-7849A531A0B3}.AppStore|iPhone.Build.0 = Release|Any CPU
		{BE1B5463-0016-4B5F-BD70-7849A531A0B3}.AppStore|iPhoneSimulator.ActiveCfg = Release|Any CPU
		{BE1B5463-0016-4B5F-BD70-7849A531A0B3}.AppStore|iPhoneSimulator.Build.0 = Release|Any CPU
		{BE1B5463-0016-4B5F-BD70-7849A531A0B3}.AppStore|x64.ActiveCfg = Release|Any CPU
		{BE1B5463-0016-4B5F-BD70-7849A531A0B3}.AppStore|x64.Build.0 = Release|Any CPU
		{BE1B5463-0016-4B5F-BD70-7849A531A0B3}.AppStore|x86.ActiveCfg = Release|Any CPU
		{BE1B5463-0016-4B5F-BD70-7849A531A0B3}.AppStore|x86.Build.0 = Release|Any CPU
		{BE1B5463-0016-4B5F-BD70-7849A531A0B3}.Debug|Any CPU.ActiveCfg = Debug|Any CPU
		{BE1B5463-0016-4B5F-BD70-7849A531A0B3}.Debug|Any CPU.Build.0 = Debug|Any CPU
		{BE1B5463-0016-4B5F-BD70-7849A531A0B3}.Debug|ARM.ActiveCfg = Debug|Any CPU
		{BE1B5463-0016-4B5F-BD70-7849A531A0B3}.Debug|ARM.Build.0 = Debug|Any CPU
		{BE1B5463-0016-4B5F-BD70-7849A531A0B3}.Debug|iPhone.ActiveCfg = Debug|Any CPU
		{BE1B5463-0016-4B5F-BD70-7849A531A0B3}.Debug|iPhone.Build.0 = Debug|Any CPU
		{BE1B5463-0016-4B5F-BD70-7849A531A0B3}.Debug|iPhoneSimulator.ActiveCfg = Debug|Any CPU
		{BE1B5463-0016-4B5F-BD70-7849A531A0B3}.Debug|iPhoneSimulator.Build.0 = Debug|Any CPU
		{BE1B5463-0016-4B5F-BD70-7849A531A0B3}.Debug|x64.ActiveCfg = Debug|Any CPU
		{BE1B5463-0016-4B5F-BD70-7849A531A0B3}.Debug|x64.Build.0 = Debug|Any CPU
		{BE1B5463-0016-4B5F-BD70-7849A531A0B3}.Debug|x86.ActiveCfg = Debug|Any CPU
		{BE1B5463-0016-4B5F-BD70-7849A531A0B3}.Debug|x86.Build.0 = Debug|Any CPU
		{BE1B5463-0016-4B5F-BD70-7849A531A0B3}.Release|Any CPU.ActiveCfg = Release|Any CPU
		{BE1B5463-0016-4B5F-BD70-7849A531A0B3}.Release|Any CPU.Build.0 = Release|Any CPU
		{BE1B5463-0016-4B5F-BD70-7849A531A0B3}.Release|ARM.ActiveCfg = Release|Any CPU
		{BE1B5463-0016-4B5F-BD70-7849A531A0B3}.Release|ARM.Build.0 = Release|Any CPU
		{BE1B5463-0016-4B5F-BD70-7849A531A0B3}.Release|iPhone.ActiveCfg = Release|Any CPU
		{BE1B5463-0016-4B5F-BD70-7849A531A0B3}.Release|iPhone.Build.0 = Release|Any CPU
		{BE1B5463-0016-4B5F-BD70-7849A531A0B3}.Release|iPhoneSimulator.ActiveCfg = Release|Any CPU
		{BE1B5463-0016-4B5F-BD70-7849A531A0B3}.Release|iPhoneSimulator.Build.0 = Release|Any CPU
		{BE1B5463-0016-4B5F-BD70-7849A531A0B3}.Release|x64.ActiveCfg = Release|Any CPU
		{BE1B5463-0016-4B5F-BD70-7849A531A0B3}.Release|x64.Build.0 = Release|Any CPU
		{BE1B5463-0016-4B5F-BD70-7849A531A0B3}.Release|x86.ActiveCfg = Release|Any CPU
		{BE1B5463-0016-4B5F-BD70-7849A531A0B3}.Release|x86.Build.0 = Release|Any CPU
	EndGlobalSection
	GlobalSection(SolutionProperties) = preSolution
		HideSolutionNode = FALSE
	EndGlobalSection
	GlobalSection(ExtensibilityGlobals) = postSolution
		SolutionGuid = {50C3D04A-65A2-4D43-81D2-53FA018A44C8}
	EndGlobalSection
EndGlobal
